// !$*UTF8*$!
{
	archiveVersion = 1;
	classes = {
	};
	objectVersion = 56;
	objects = {

/* Begin PBXBuildFile section */
		16E36C95296D5E5B00C1BB68 /* TMIApp.swift in Sources */ = {isa = PBXBuildFile; fileRef = 16E36C94296D5E5B00C1BB68 /* TMIApp.swift */; };
		16E36C97296D5E5B00C1BB68 /* ContentView.swift in Sources */ = {isa = PBXBuildFile; fileRef = 16E36C96296D5E5B00C1BB68 /* ContentView.swift */; };
		16E36C99296D5E5E00C1BB68 /* Assets.xcassets in Resources */ = {isa = PBXBuildFile; fileRef = 16E36C98296D5E5E00C1BB68 /* Assets.xcassets */; };
		16E36C9D296D5E5E00C1BB68 /* Preview Assets.xcassets in Resources */ = {isa = PBXBuildFile; fileRef = 16E36C9C296D5E5E00C1BB68 /* Preview Assets.xcassets */; };
		16E36CB5296DABCF00C1BB68 /* Second.swift in Sources */ = {isa = PBXBuildFile; fileRef = 16E36CA8296DABCF00C1BB68 /* Second.swift */; };
		16E36CB6296DABCF00C1BB68 /* First.swift in Sources */ = {isa = PBXBuildFile; fileRef = 16E36CA9296DABCF00C1BB68 /* First.swift */; };
		16E36CB7296DABCF00C1BB68 /* Third.swift in Sources */ = {isa = PBXBuildFile; fileRef = 16E36CAA296DABCF00C1BB68 /* Third.swift */; };
		16E36CB8296DABCF00C1BB68 /* Last.swift in Sources */ = {isa = PBXBuildFile; fileRef = 16E36CAB296DABCF00C1BB68 /* Last.swift */; };
		16E36CB9296DABCF00C1BB68 /* first.json in Resources */ = {isa = PBXBuildFile; fileRef = 16E36CAD296DABCF00C1BB68 /* first.json */; };
		16E36CBA296DABCF00C1BB68 /* last_lottie.json in Resources */ = {isa = PBXBuildFile; fileRef = 16E36CAE296DABCF00C1BB68 /* last_lottie.json */; };
		16E36CBB296DABCF00C1BB68 /* second_rottie.json in Resources */ = {isa = PBXBuildFile; fileRef = 16E36CAF296DABCF00C1BB68 /* second_rottie.json */; };
		16E36CBC296DABCF00C1BB68 /* third_lottie.json in Resources */ = {isa = PBXBuildFile; fileRef = 16E36CB0296DABCF00C1BB68 /* third_lottie.json */; };
		16E36CBD296DABCF00C1BB68 /* LottieManager.swift in Sources */ = {isa = PBXBuildFile; fileRef = 16E36CB1296DABCF00C1BB68 /* LottieManager.swift */; };
		16E36CBE296DABCF00C1BB68 /* OnBoardingView.swift in Sources */ = {isa = PBXBuildFile; fileRef = 16E36CB2296DABCF00C1BB68 /* OnBoardingView.swift */; };
		16E36CBF296DABCF00C1BB68 /* OnBoardingTab.swift in Sources */ = {isa = PBXBuildFile; fileRef = 16E36CB3296DABCF00C1BB68 /* OnBoardingTab.swift */; };
		16E36CC2296DACCA00C1BB68 /* Lottie in Frameworks */ = {isa = PBXBuildFile; productRef = 16E36CC1296DACCA00C1BB68 /* Lottie */; };
		63D1135E296D8B37002D922D /* DetailView.swift in Sources */ = {isa = PBXBuildFile; fileRef = 63D1135D296D8B37002D922D /* DetailView.swift */; };
		ADBA21CA296D6D5C00BAA26E /* Memo.swift in Sources */ = {isa = PBXBuildFile; fileRef = ADBA21C9296D6D5C00BAA26E /* Memo.swift */; };
		ADBA21CD296D70D400BAA26E /* HomeView.swift in Sources */ = {isa = PBXBuildFile; fileRef = ADBA21CC296D70D400BAA26E /* HomeView.swift */; };
		EA9C5D2A29702D2E005D1910 /* History.swift in Sources */ = {isa = PBXBuildFile; fileRef = EA9C5D2929702D2E005D1910 /* History.swift */; };
		EA9C5D2E29702D6B005D1910 /* HistoryStore.swift in Sources */ = {isa = PBXBuildFile; fileRef = EA9C5D2D29702D6B005D1910 /* HistoryStore.swift */; };
		EA9C5D3029702E42005D1910 /* TerminalBar.swift in Sources */ = {isa = PBXBuildFile; fileRef = EA9C5D2F29702E42005D1910 /* TerminalBar.swift */; };
		F4DC9CB229732B5E009C557A /* WeatherView.swift in Sources */ = {isa = PBXBuildFile; fileRef = F4DC9CB129732B5E009C557A /* WeatherView.swift */; };
		F4DC9CB42973B7C5009C557A /* LocationManager.swift in Sources */ = {isa = PBXBuildFile; fileRef = F4DC9CB32973B7C5009C557A /* LocationManager.swift */; };
		F4DC9CB62973BAFE009C557A /* GetAPI.swift in Sources */ = {isa = PBXBuildFile; fileRef = F4DC9CB52973BAFE009C557A /* GetAPI.swift */; };
		F4DC9CB82973BC07009C557A /* FetchWeather.swift in Sources */ = {isa = PBXBuildFile; fileRef = F4DC9CB72973BC07009C557A /* FetchWeather.swift */; };
/* End PBXBuildFile section */

/* Begin PBXFileReference section */
		16E36C91296D5E5B00C1BB68 /* TMI.app */ = {isa = PBXFileReference; explicitFileType = wrapper.application; includeInIndex = 0; path = TMI.app; sourceTree = BUILT_PRODUCTS_DIR; };
		16E36C94296D5E5B00C1BB68 /* TMIApp.swift */ = {isa = PBXFileReference; lastKnownFileType = sourcecode.swift; path = TMIApp.swift; sourceTree = "<group>"; };
		16E36C96296D5E5B00C1BB68 /* ContentView.swift */ = {isa = PBXFileReference; lastKnownFileType = sourcecode.swift; path = ContentView.swift; sourceTree = "<group>"; };
		16E36C98296D5E5E00C1BB68 /* Assets.xcassets */ = {isa = PBXFileReference; lastKnownFileType = folder.assetcatalog; path = Assets.xcassets; sourceTree = "<group>"; };
		16E36C9A296D5E5E00C1BB68 /* TMI.entitlements */ = {isa = PBXFileReference; lastKnownFileType = text.plist.entitlements; path = TMI.entitlements; sourceTree = "<group>"; };
		16E36C9C296D5E5E00C1BB68 /* Preview Assets.xcassets */ = {isa = PBXFileReference; lastKnownFileType = folder.assetcatalog; path = "Preview Assets.xcassets"; sourceTree = "<group>"; };
		16E36CA8296DABCF00C1BB68 /* Second.swift */ = {isa = PBXFileReference; fileEncoding = 4; lastKnownFileType = sourcecode.swift; path = Second.swift; sourceTree = "<group>"; };
		16E36CA9296DABCF00C1BB68 /* First.swift */ = {isa = PBXFileReference; fileEncoding = 4; lastKnownFileType = sourcecode.swift; path = First.swift; sourceTree = "<group>"; };
		16E36CAA296DABCF00C1BB68 /* Third.swift */ = {isa = PBXFileReference; fileEncoding = 4; lastKnownFileType = sourcecode.swift; path = Third.swift; sourceTree = "<group>"; };
		16E36CAB296DABCF00C1BB68 /* Last.swift */ = {isa = PBXFileReference; fileEncoding = 4; lastKnownFileType = sourcecode.swift; path = Last.swift; sourceTree = "<group>"; };
		16E36CAD296DABCF00C1BB68 /* first.json */ = {isa = PBXFileReference; fileEncoding = 4; lastKnownFileType = text.json; path = first.json; sourceTree = "<group>"; };
		16E36CAE296DABCF00C1BB68 /* last_lottie.json */ = {isa = PBXFileReference; fileEncoding = 4; lastKnownFileType = text.json; path = last_lottie.json; sourceTree = "<group>"; };
		16E36CAF296DABCF00C1BB68 /* second_rottie.json */ = {isa = PBXFileReference; fileEncoding = 4; lastKnownFileType = text.json; path = second_rottie.json; sourceTree = "<group>"; };
		16E36CB0296DABCF00C1BB68 /* third_lottie.json */ = {isa = PBXFileReference; fileEncoding = 4; lastKnownFileType = text.json; path = third_lottie.json; sourceTree = "<group>"; };
		16E36CB1296DABCF00C1BB68 /* LottieManager.swift */ = {isa = PBXFileReference; fileEncoding = 4; lastKnownFileType = sourcecode.swift; path = LottieManager.swift; sourceTree = "<group>"; };
		16E36CB2296DABCF00C1BB68 /* OnBoardingView.swift */ = {isa = PBXFileReference; fileEncoding = 4; lastKnownFileType = sourcecode.swift; path = OnBoardingView.swift; sourceTree = "<group>"; };
		16E36CB3296DABCF00C1BB68 /* OnBoardingTab.swift */ = {isa = PBXFileReference; fileEncoding = 4; lastKnownFileType = sourcecode.swift; path = OnBoardingTab.swift; sourceTree = "<group>"; };
		63D1135D296D8B37002D922D /* DetailView.swift */ = {isa = PBXFileReference; lastKnownFileType = sourcecode.swift; path = DetailView.swift; sourceTree = "<group>"; };
		ADBA21C9296D6D5C00BAA26E /* Memo.swift */ = {isa = PBXFileReference; lastKnownFileType = sourcecode.swift; path = Memo.swift; sourceTree = "<group>"; };
		ADBA21CC296D70D400BAA26E /* HomeView.swift */ = {isa = PBXFileReference; lastKnownFileType = sourcecode.swift; path = HomeView.swift; sourceTree = "<group>"; };
		EA9C5D2929702D2E005D1910 /* History.swift */ = {isa = PBXFileReference; lastKnownFileType = sourcecode.swift; path = History.swift; sourceTree = "<group>"; };
		EA9C5D2D29702D6B005D1910 /* HistoryStore.swift */ = {isa = PBXFileReference; lastKnownFileType = sourcecode.swift; path = HistoryStore.swift; sourceTree = "<group>"; };
		EA9C5D2F29702E42005D1910 /* TerminalBar.swift */ = {isa = PBXFileReference; lastKnownFileType = sourcecode.swift; path = TerminalBar.swift; sourceTree = "<group>"; };
		F4DC9CB129732B5E009C557A /* WeatherView.swift */ = {isa = PBXFileReference; lastKnownFileType = sourcecode.swift; path = WeatherView.swift; sourceTree = "<group>"; };
		F4DC9CB32973B7C5009C557A /* LocationManager.swift */ = {isa = PBXFileReference; lastKnownFileType = sourcecode.swift; path = LocationManager.swift; sourceTree = "<group>"; };
		F4DC9CB52973BAFE009C557A /* GetAPI.swift */ = {isa = PBXFileReference; lastKnownFileType = sourcecode.swift; path = GetAPI.swift; sourceTree = "<group>"; };
		F4DC9CB72973BC07009C557A /* FetchWeather.swift */ = {isa = PBXFileReference; lastKnownFileType = sourcecode.swift; path = FetchWeather.swift; sourceTree = "<group>"; };
/* End PBXFileReference section */

/* Begin PBXFrameworksBuildPhase section */
		16E36C8E296D5E5B00C1BB68 /* Frameworks */ = {
			isa = PBXFrameworksBuildPhase;
			buildActionMask = 2147483647;
			files = (
				16E36CC2296DACCA00C1BB68 /* Lottie in Frameworks */,
			);
			runOnlyForDeploymentPostprocessing = 0;
		};
/* End PBXFrameworksBuildPhase section */

/* Begin PBXGroup section */
		16E36C88296D5E5B00C1BB68 = {
			isa = PBXGroup;
			children = (
				16E36C93296D5E5B00C1BB68 /* TMI */,
				16E36C92296D5E5B00C1BB68 /* Products */,
			);
			sourceTree = "<group>";
		};
		16E36C92296D5E5B00C1BB68 /* Products */ = {
			isa = PBXGroup;
			children = (
				16E36C91296D5E5B00C1BB68 /* TMI.app */,
			);
			name = Products;
			sourceTree = "<group>";
		};
		16E36C93296D5E5B00C1BB68 /* TMI */ = {
			isa = PBXGroup;
			children = (
				16E36C94296D5E5B00C1BB68 /* TMIApp.swift */,
				16E36C96296D5E5B00C1BB68 /* ContentView.swift */,
				16E36CA5296DABCF00C1BB68 /* OnBoardingView */,
				ADBA21CB296D6D6100BAA26E /* Model */,
				EA9C5D2B29702D40005D1910 /* View */,
				EA9C5D2C29702D52005D1910 /* ViewModel */,
				16E36C98296D5E5E00C1BB68 /* Assets.xcassets */,
				16E36C9A296D5E5E00C1BB68 /* TMI.entitlements */,
				16E36C9B296D5E5E00C1BB68 /* Preview Content */,
			);
			path = TMI;
			sourceTree = "<group>";
		};
		16E36C9B296D5E5E00C1BB68 /* Preview Content */ = {
			isa = PBXGroup;
			children = (
				16E36C9C296D5E5E00C1BB68 /* Preview Assets.xcassets */,
			);
			path = "Preview Content";
			sourceTree = "<group>";
		};
		16E36CA5296DABCF00C1BB68 /* OnBoardingView */ = {
			isa = PBXGroup;
			children = (
				16E36CA7296DABCF00C1BB68 /* Pages */,
				16E36CB2296DABCF00C1BB68 /* OnBoardingView.swift */,
				16E36CB3296DABCF00C1BB68 /* OnBoardingTab.swift */,
			);
			path = OnBoardingView;
			sourceTree = "<group>";
		};
		16E36CA7296DABCF00C1BB68 /* Pages */ = {
			isa = PBXGroup;
			children = (
				16E36CA8296DABCF00C1BB68 /* Second.swift */,
				16E36CA9296DABCF00C1BB68 /* First.swift */,
				16E36CAA296DABCF00C1BB68 /* Third.swift */,
				16E36CAB296DABCF00C1BB68 /* Last.swift */,
				16E36CAC296DABCF00C1BB68 /* Lottie */,
			);
			path = Pages;
			sourceTree = "<group>";
		};
		16E36CAC296DABCF00C1BB68 /* Lottie */ = {
			isa = PBXGroup;
			children = (
				16E36CAD296DABCF00C1BB68 /* first.json */,
				16E36CAE296DABCF00C1BB68 /* last_lottie.json */,
				16E36CAF296DABCF00C1BB68 /* second_rottie.json */,
				16E36CB0296DABCF00C1BB68 /* third_lottie.json */,
				16E36CB1296DABCF00C1BB68 /* LottieManager.swift */,
			);
			path = Lottie;
			sourceTree = "<group>";
		};
		ADBA21CB296D6D6100BAA26E /* Model */ = {
			isa = PBXGroup;
			children = (
				ADBA21C9296D6D5C00BAA26E /* Memo.swift */,
				EA9C5D2929702D2E005D1910 /* History.swift */,
			);
			path = Model;
			sourceTree = "<group>";
		};
		EA9C5D2B29702D40005D1910 /* View */ = {
			isa = PBXGroup;
			children = (
				EA9C5D2F29702E42005D1910 /* TerminalBar.swift */,
				ADBA21CC296D70D400BAA26E /* HomeView.swift */,
				63D1135D296D8B37002D922D /* DetailView.swift */,
				F4DC9CB129732B5E009C557A /* WeatherView.swift */,
			);
			path = View;
			sourceTree = "<group>";
		};
		EA9C5D2C29702D52005D1910 /* ViewModel */ = {
			isa = PBXGroup;
			children = (
				EA9C5D2D29702D6B005D1910 /* HistoryStore.swift */,
				F4DC9CB32973B7C5009C557A /* LocationManager.swift */,
				F4DC9CB52973BAFE009C557A /* GetAPI.swift */,
				F4DC9CB72973BC07009C557A /* FetchWeather.swift */,
			);
			path = ViewModel;
			sourceTree = "<group>";
		};
/* End PBXGroup section */

/* Begin PBXNativeTarget section */
		16E36C90296D5E5B00C1BB68 /* TMI */ = {
			isa = PBXNativeTarget;
			buildConfigurationList = 16E36CA0296D5E5E00C1BB68 /* Build configuration list for PBXNativeTarget "TMI" */;
			buildPhases = (
				16E36C8D296D5E5B00C1BB68 /* Sources */,
				16E36C8E296D5E5B00C1BB68 /* Frameworks */,
				16E36C8F296D5E5B00C1BB68 /* Resources */,
			);
			buildRules = (
			);
			dependencies = (
			);
			name = TMI;
			packageProductDependencies = (
				16E36CC1296DACCA00C1BB68 /* Lottie */,
			);
			productName = TMI;
			productReference = 16E36C91296D5E5B00C1BB68 /* TMI.app */;
			productType = "com.apple.product-type.application";
		};
/* End PBXNativeTarget section */

/* Begin PBXProject section */
		16E36C89296D5E5B00C1BB68 /* Project object */ = {
			isa = PBXProject;
			attributes = {
				BuildIndependentTargetsInParallel = 1;
				LastSwiftUpdateCheck = 1410;
				LastUpgradeCheck = 1410;
				TargetAttributes = {
					16E36C90296D5E5B00C1BB68 = {
						CreatedOnToolsVersion = 14.1;
					};
				};
			};
			buildConfigurationList = 16E36C8C296D5E5B00C1BB68 /* Build configuration list for PBXProject "TMI" */;
			compatibilityVersion = "Xcode 14.0";
			developmentRegion = en;
			hasScannedForEncodings = 0;
			knownRegions = (
				en,
				Base,
			);
			mainGroup = 16E36C88296D5E5B00C1BB68;
			packageReferences = (
				16E36CC0296DACCA00C1BB68 /* XCRemoteSwiftPackageReference "lottie-ios" */,
			);
			productRefGroup = 16E36C92296D5E5B00C1BB68 /* Products */;
			projectDirPath = "";
			projectRoot = "";
			targets = (
				16E36C90296D5E5B00C1BB68 /* TMI */,
			);
		};
/* End PBXProject section */

/* Begin PBXResourcesBuildPhase section */
		16E36C8F296D5E5B00C1BB68 /* Resources */ = {
			isa = PBXResourcesBuildPhase;
			buildActionMask = 2147483647;
			files = (
				16E36CBC296DABCF00C1BB68 /* third_lottie.json in Resources */,
				16E36CBB296DABCF00C1BB68 /* second_rottie.json in Resources */,
				16E36CBA296DABCF00C1BB68 /* last_lottie.json in Resources */,
				16E36CB9296DABCF00C1BB68 /* first.json in Resources */,
				16E36C9D296D5E5E00C1BB68 /* Preview Assets.xcassets in Resources */,
				16E36C99296D5E5E00C1BB68 /* Assets.xcassets in Resources */,
			);
			runOnlyForDeploymentPostprocessing = 0;
		};
/* End PBXResourcesBuildPhase section */

/* Begin PBXSourcesBuildPhase section */
		16E36C8D296D5E5B00C1BB68 /* Sources */ = {
			isa = PBXSourcesBuildPhase;
			buildActionMask = 2147483647;
			files = (
				ADBA21CA296D6D5C00BAA26E /* Memo.swift in Sources */,
				F4DC9CB42973B7C5009C557A /* LocationManager.swift in Sources */,
				ADBA21CD296D70D400BAA26E /* HomeView.swift in Sources */,
				16E36CBF296DABCF00C1BB68 /* OnBoardingTab.swift in Sources */,
				16E36C97296D5E5B00C1BB68 /* ContentView.swift in Sources */,
				16E36CB7296DABCF00C1BB68 /* Third.swift in Sources */,
				16E36CBD296DABCF00C1BB68 /* LottieManager.swift in Sources */,
				EA9C5D2E29702D6B005D1910 /* HistoryStore.swift in Sources */,
				F4DC9CB229732B5E009C557A /* WeatherView.swift in Sources */,
				F4DC9CB62973BAFE009C557A /* GetAPI.swift in Sources */,
				F4DC9CB82973BC07009C557A /* FetchWeather.swift in Sources */,
				63D1135E296D8B37002D922D /* DetailView.swift in Sources */,
				16E36CB5296DABCF00C1BB68 /* Second.swift in Sources */,
				16E36CB6296DABCF00C1BB68 /* First.swift in Sources */,
				EA9C5D3029702E42005D1910 /* TerminalBar.swift in Sources */,
				16E36CBE296DABCF00C1BB68 /* OnBoardingView.swift in Sources */,
				EA9C5D2A29702D2E005D1910 /* History.swift in Sources */,
				16E36C95296D5E5B00C1BB68 /* TMIApp.swift in Sources */,
				16E36CB8296DABCF00C1BB68 /* Last.swift in Sources */,
			);
			runOnlyForDeploymentPostprocessing = 0;
		};
/* End PBXSourcesBuildPhase section */

/* Begin XCBuildConfiguration section */
		16E36C9E296D5E5E00C1BB68 /* Debug */ = {
			isa = XCBuildConfiguration;
			buildSettings = {
				ALWAYS_SEARCH_USER_PATHS = NO;
				CLANG_ANALYZER_NONNULL = YES;
				CLANG_ANALYZER_NUMBER_OBJECT_CONVERSION = YES_AGGRESSIVE;
				CLANG_CXX_LANGUAGE_STANDARD = "gnu++20";
				CLANG_ENABLE_MODULES = YES;
				CLANG_ENABLE_OBJC_ARC = YES;
				CLANG_ENABLE_OBJC_WEAK = YES;
				CLANG_WARN_BLOCK_CAPTURE_AUTORELEASING = YES;
				CLANG_WARN_BOOL_CONVERSION = YES;
				CLANG_WARN_COMMA = YES;
				CLANG_WARN_CONSTANT_CONVERSION = YES;
				CLANG_WARN_DEPRECATED_OBJC_IMPLEMENTATIONS = YES;
				CLANG_WARN_DIRECT_OBJC_ISA_USAGE = YES_ERROR;
				CLANG_WARN_DOCUMENTATION_COMMENTS = YES;
				CLANG_WARN_EMPTY_BODY = YES;
				CLANG_WARN_ENUM_CONVERSION = YES;
				CLANG_WARN_INFINITE_RECURSION = YES;
				CLANG_WARN_INT_CONVERSION = YES;
				CLANG_WARN_NON_LITERAL_NULL_CONVERSION = YES;
				CLANG_WARN_OBJC_IMPLICIT_RETAIN_SELF = YES;
				CLANG_WARN_OBJC_LITERAL_CONVERSION = YES;
				CLANG_WARN_OBJC_ROOT_CLASS = YES_ERROR;
				CLANG_WARN_QUOTED_INCLUDE_IN_FRAMEWORK_HEADER = YES;
				CLANG_WARN_RANGE_LOOP_ANALYSIS = YES;
				CLANG_WARN_STRICT_PROTOTYPES = YES;
				CLANG_WARN_SUSPICIOUS_MOVE = YES;
				CLANG_WARN_UNGUARDED_AVAILABILITY = YES_AGGRESSIVE;
				CLANG_WARN_UNREACHABLE_CODE = YES;
				CLANG_WARN__DUPLICATE_METHOD_MATCH = YES;
				COPY_PHASE_STRIP = NO;
				DEBUG_INFORMATION_FORMAT = dwarf;
				ENABLE_STRICT_OBJC_MSGSEND = YES;
				ENABLE_TESTABILITY = YES;
				GCC_C_LANGUAGE_STANDARD = gnu11;
				GCC_DYNAMIC_NO_PIC = NO;
				GCC_NO_COMMON_BLOCKS = YES;
				GCC_OPTIMIZATION_LEVEL = 0;
				GCC_PREPROCESSOR_DEFINITIONS = (
					"DEBUG=1",
					"$(inherited)",
				);
				GCC_WARN_64_TO_32_BIT_CONVERSION = YES;
				GCC_WARN_ABOUT_RETURN_TYPE = YES_ERROR;
				GCC_WARN_UNDECLARED_SELECTOR = YES;
				GCC_WARN_UNINITIALIZED_AUTOS = YES_AGGRESSIVE;
				GCC_WARN_UNUSED_FUNCTION = YES;
				GCC_WARN_UNUSED_VARIABLE = YES;
				MTL_ENABLE_DEBUG_INFO = INCLUDE_SOURCE;
				MTL_FAST_MATH = YES;
				ONLY_ACTIVE_ARCH = YES;
				SWIFT_ACTIVE_COMPILATION_CONDITIONS = DEBUG;
				SWIFT_OPTIMIZATION_LEVEL = "-Onone";
			};
			name = Debug;
		};
		16E36C9F296D5E5E00C1BB68 /* Release */ = {
			isa = XCBuildConfiguration;
			buildSettings = {
				ALWAYS_SEARCH_USER_PATHS = NO;
				CLANG_ANALYZER_NONNULL = YES;
				CLANG_ANALYZER_NUMBER_OBJECT_CONVERSION = YES_AGGRESSIVE;
				CLANG_CXX_LANGUAGE_STANDARD = "gnu++20";
				CLANG_ENABLE_MODULES = YES;
				CLANG_ENABLE_OBJC_ARC = YES;
				CLANG_ENABLE_OBJC_WEAK = YES;
				CLANG_WARN_BLOCK_CAPTURE_AUTORELEASING = YES;
				CLANG_WARN_BOOL_CONVERSION = YES;
				CLANG_WARN_COMMA = YES;
				CLANG_WARN_CONSTANT_CONVERSION = YES;
				CLANG_WARN_DEPRECATED_OBJC_IMPLEMENTATIONS = YES;
				CLANG_WARN_DIRECT_OBJC_ISA_USAGE = YES_ERROR;
				CLANG_WARN_DOCUMENTATION_COMMENTS = YES;
				CLANG_WARN_EMPTY_BODY = YES;
				CLANG_WARN_ENUM_CONVERSION = YES;
				CLANG_WARN_INFINITE_RECURSION = YES;
				CLANG_WARN_INT_CONVERSION = YES;
				CLANG_WARN_NON_LITERAL_NULL_CONVERSION = YES;
				CLANG_WARN_OBJC_IMPLICIT_RETAIN_SELF = YES;
				CLANG_WARN_OBJC_LITERAL_CONVERSION = YES;
				CLANG_WARN_OBJC_ROOT_CLASS = YES_ERROR;
				CLANG_WARN_QUOTED_INCLUDE_IN_FRAMEWORK_HEADER = YES;
				CLANG_WARN_RANGE_LOOP_ANALYSIS = YES;
				CLANG_WARN_STRICT_PROTOTYPES = YES;
				CLANG_WARN_SUSPICIOUS_MOVE = YES;
				CLANG_WARN_UNGUARDED_AVAILABILITY = YES_AGGRESSIVE;
				CLANG_WARN_UNREACHABLE_CODE = YES;
				CLANG_WARN__DUPLICATE_METHOD_MATCH = YES;
				COPY_PHASE_STRIP = NO;
				DEBUG_INFORMATION_FORMAT = "dwarf-with-dsym";
				ENABLE_NS_ASSERTIONS = NO;
				ENABLE_STRICT_OBJC_MSGSEND = YES;
				GCC_C_LANGUAGE_STANDARD = gnu11;
				GCC_NO_COMMON_BLOCKS = YES;
				GCC_WARN_64_TO_32_BIT_CONVERSION = YES;
				GCC_WARN_ABOUT_RETURN_TYPE = YES_ERROR;
				GCC_WARN_UNDECLARED_SELECTOR = YES;
				GCC_WARN_UNINITIALIZED_AUTOS = YES_AGGRESSIVE;
				GCC_WARN_UNUSED_FUNCTION = YES;
				GCC_WARN_UNUSED_VARIABLE = YES;
				MTL_ENABLE_DEBUG_INFO = NO;
				MTL_FAST_MATH = YES;
				SWIFT_COMPILATION_MODE = wholemodule;
				SWIFT_OPTIMIZATION_LEVEL = "-O";
			};
			name = Release;
		};
		16E36CA1296D5E5E00C1BB68 /* Debug */ = {
			isa = XCBuildConfiguration;
			buildSettings = {
				ASSETCATALOG_COMPILER_APPICON_NAME = AppIcon;
				ASSETCATALOG_COMPILER_GLOBAL_ACCENT_COLOR_NAME = AccentColor;
				CODE_SIGN_ENTITLEMENTS = TMI/TMI.entitlements;
				CODE_SIGN_STYLE = Automatic;
				CURRENT_PROJECT_VERSION = 1;
				DEVELOPMENT_ASSET_PATHS = "\"TMI/Preview Content\"";
				ENABLE_PREVIEWS = YES;
				GENERATE_INFOPLIST_FILE = YES;
				INFOPLIST_KEY_NSLocationWhenInUseUsageDescription = "위치정보 사용 접근권한을 허용하시겠습니까? ";
				"INFOPLIST_KEY_UIApplicationSceneManifest_Generation[sdk=iphoneos*]" = YES;
				"INFOPLIST_KEY_UIApplicationSceneManifest_Generation[sdk=iphonesimulator*]" = YES;
				"INFOPLIST_KEY_UIApplicationSupportsIndirectInputEvents[sdk=iphoneos*]" = YES;
				"INFOPLIST_KEY_UIApplicationSupportsIndirectInputEvents[sdk=iphonesimulator*]" = YES;
				"INFOPLIST_KEY_UILaunchScreen_Generation[sdk=iphoneos*]" = YES;
				"INFOPLIST_KEY_UILaunchScreen_Generation[sdk=iphonesimulator*]" = YES;
				"INFOPLIST_KEY_UIStatusBarStyle[sdk=iphoneos*]" = UIStatusBarStyleDefault;
				"INFOPLIST_KEY_UIStatusBarStyle[sdk=iphonesimulator*]" = UIStatusBarStyleDefault;
				INFOPLIST_KEY_UISupportedInterfaceOrientations_iPad = "UIInterfaceOrientationPortrait UIInterfaceOrientationPortraitUpsideDown UIInterfaceOrientationLandscapeLeft UIInterfaceOrientationLandscapeRight";
				INFOPLIST_KEY_UISupportedInterfaceOrientations_iPhone = "UIInterfaceOrientationPortrait UIInterfaceOrientationLandscapeLeft UIInterfaceOrientationLandscapeRight";
				IPHONEOS_DEPLOYMENT_TARGET = 16.1;
				LD_RUNPATH_SEARCH_PATHS = "@executable_path/Frameworks";
				"LD_RUNPATH_SEARCH_PATHS[sdk=macosx*]" = "@executable_path/../Frameworks";
				MACOSX_DEPLOYMENT_TARGET = 12.6;
				MARKETING_VERSION = 1.0;
				PRODUCT_BUNDLE_IDENTIFIER = com.like2lions.TMI;
				PRODUCT_NAME = "$(TARGET_NAME)";
				SDKROOT = auto;
				SUPPORTED_PLATFORMS = "iphoneos iphonesimulator macosx";
				SWIFT_EMIT_LOC_STRINGS = YES;
				SWIFT_VERSION = 5.0;
				TARGETED_DEVICE_FAMILY = "1,2";
			};
			name = Debug;
		};
		16E36CA2296D5E5E00C1BB68 /* Release */ = {
			isa = XCBuildConfiguration;
			buildSettings = {
				ASSETCATALOG_COMPILER_APPICON_NAME = AppIcon;
				ASSETCATALOG_COMPILER_GLOBAL_ACCENT_COLOR_NAME = AccentColor;
				CODE_SIGN_ENTITLEMENTS = TMI/TMI.entitlements;
				CODE_SIGN_STYLE = Automatic;
				CURRENT_PROJECT_VERSION = 1;
				DEVELOPMENT_ASSET_PATHS = "\"TMI/Preview Content\"";
				ENABLE_PREVIEWS = YES;
				GENERATE_INFOPLIST_FILE = YES;
				INFOPLIST_KEY_NSLocationWhenInUseUsageDescription = "위치정보 사용 접근권한을 허용하시겠습니까? ";
				"INFOPLIST_KEY_UIApplicationSceneManifest_Generation[sdk=iphoneos*]" = YES;
				"INFOPLIST_KEY_UIApplicationSceneManifest_Generation[sdk=iphonesimulator*]" = YES;
				"INFOPLIST_KEY_UIApplicationSupportsIndirectInputEvents[sdk=iphoneos*]" = YES;
				"INFOPLIST_KEY_UIApplicationSupportsIndirectInputEvents[sdk=iphonesimulator*]" = YES;
				"INFOPLIST_KEY_UILaunchScreen_Generation[sdk=iphoneos*]" = YES;
				"INFOPLIST_KEY_UILaunchScreen_Generation[sdk=iphonesimulator*]" = YES;
				"INFOPLIST_KEY_UIStatusBarStyle[sdk=iphoneos*]" = UIStatusBarStyleDefault;
				"INFOPLIST_KEY_UIStatusBarStyle[sdk=iphonesimulator*]" = UIStatusBarStyleDefault;
				INFOPLIST_KEY_UISupportedInterfaceOrientations_iPad = "UIInterfaceOrientationPortrait UIInterfaceOrientationPortraitUpsideDown UIInterfaceOrientationLandscapeLeft UIInterfaceOrientationLandscapeRight";
				INFOPLIST_KEY_UISupportedInterfaceOrientations_iPhone = "UIInterfaceOrientationPortrait UIInterfaceOrientationLandscapeLeft UIInterfaceOrientationLandscapeRight";
				IPHONEOS_DEPLOYMENT_TARGET = 16.1;
				LD_RUNPATH_SEARCH_PATHS = "@executable_path/Frameworks";
				"LD_RUNPATH_SEARCH_PATHS[sdk=macosx*]" = "@executable_path/../Frameworks";
				MACOSX_DEPLOYMENT_TARGET = 12.6;
				MARKETING_VERSION = 1.0;
				PRODUCT_BUNDLE_IDENTIFIER = com.like2lions.TMI;
				PRODUCT_NAME = "$(TARGET_NAME)";
				SDKROOT = auto;
				SUPPORTED_PLATFORMS = "iphoneos iphonesimulator macosx";
				SWIFT_EMIT_LOC_STRINGS = YES;
				SWIFT_VERSION = 5.0;
				TARGETED_DEVICE_FAMILY = "1,2";
			};
			name = Release;
		};
/* End XCBuildConfiguration section */

/* Begin XCConfigurationList section */
		16E36C8C296D5E5B00C1BB68 /* Build configuration list for PBXProject "TMI" */ = {
			isa = XCConfigurationList;
			buildConfigurations = (
				16E36C9E296D5E5E00C1BB68 /* Debug */,
				16E36C9F296D5E5E00C1BB68 /* Release */,
			);
			defaultConfigurationIsVisible = 0;
			defaultConfigurationName = Release;
		};
		16E36CA0296D5E5E00C1BB68 /* Build configuration list for PBXNativeTarget "TMI" */ = {
			isa = XCConfigurationList;
			buildConfigurations = (
				16E36CA1296D5E5E00C1BB68 /* Debug */,
				16E36CA2296D5E5E00C1BB68 /* Release */,
			);
			defaultConfigurationIsVisible = 0;
			defaultConfigurationName = Release;
		};
/* End XCConfigurationList section */

/* Begin XCRemoteSwiftPackageReference section */
		16E36CC0296DACCA00C1BB68 /* XCRemoteSwiftPackageReference "lottie-ios" */ = {
			isa = XCRemoteSwiftPackageReference;
			repositoryURL = "https://github.com/airbnb/lottie-ios";
			requirement = {
				kind = upToNextMajorVersion;
				minimumVersion = 4.0.0;
			};
		};
/* End XCRemoteSwiftPackageReference section */

/* Begin XCSwiftPackageProductDependency section */
		16E36CC1296DACCA00C1BB68 /* Lottie */ = {
			isa = XCSwiftPackageProductDependency;
			package = 16E36CC0296DACCA00C1BB68 /* XCRemoteSwiftPackageReference "lottie-ios" */;
			productName = Lottie;
		};
/* End XCSwiftPackageProductDependency section */
	};
	rootObject = 16E36C89296D5E5B00C1BB68 /* Project object */;
}
