{
  "pins" : [
    {
      "identity" : "lottie-ios",
      "kind" : "remoteSourceControl",
      "location" : "https://github.com/airbnb/lottie-ios.git",
      "state" : {
        "branch" : "master",
        "revision" : "79ae25e2f2f3420b3d3ed4f0d0aa17425f06ece2"
      }
    }
  ],
  "version" : 2
}
